// !$*UTF8*$!
{
	archiveVersion = 1;
	classes = {
	};
	objectVersion = 77;
	objects = {

/* Begin PBXBuildFile section */
		AA000002000000000000001A /* OttoApp.swift in Sources */ = {isa = PBXBuildFile; fileRef = AA000001000000000000001A /* OttoApp.swift */; };
		AA000002000000000000002B /* CommandPalette.swift in Sources */ = {isa = PBXBuildFile; fileRef = AA000001000000000000002B /* CommandPalette.swift */; };
		AA000002000000000000003C /* WaveformView.swift in Sources */ = {isa = PBXBuildFile; fileRef = AA000001000000000000003C /* WaveformView.swift */; };
		AA000002000000000000005E /* HotkeyManager.swift in Sources */ = {isa = PBXBuildFile; fileRef = AA000001000000000000005E /* HotkeyManager.swift */; };
		AA000002000000000000009C /* JournalWindow.swift in Sources */ = {isa = PBXBuildFile; fileRef = AA000001000000000000009C /* JournalWindow.swift */; };
		AA00000200000000000000A1 /* SettingsStore.swift in Sources */ = {isa = PBXBuildFile; fileRef = AA00000100000000000000A1 /* SettingsStore.swift */; };
		AA00000200000000000000A3 /* OnboardingView.swift in Sources */ = {isa = PBXBuildFile; fileRef = AA00000100000000000000A3 /* OnboardingView.swift */; };
		AA00000200000000000000A4 /* MenuBarController.swift in Sources */ = {isa = PBXBuildFile; fileRef = AA00000100000000000000A4 /* MenuBarController.swift */; };
		AA00000200000000000000A5 /* SettingsWindow.swift in Sources */ = {isa = PBXBuildFile; fileRef = AA00000100000000000000A5 /* SettingsWindow.swift */; };
		AA00000200000000000000B1 /* HotkeyConfig.swift in Sources */ = {isa = PBXBuildFile; fileRef = AA00000100000000000000B1 /* HotkeyConfig.swift */; };
		AA00000200000000000000B2 /* HotkeyRecorderView.swift in Sources */ = {isa = PBXBuildFile; fileRef = AA00000100000000000000B2 /* HotkeyRecorderView.swift */; };
		AA00000200000000000000B3 /* UpdateChecker.swift in Sources */ = {isa = PBXBuildFile; fileRef = AA00000100000000000000B3 /* UpdateChecker.swift */; };
		AA00000200000000000000B6 /* CapabilityKind.swift in Sources */ = {isa = PBXBuildFile; fileRef = AA00000100000000000000B6 /* CapabilityKind.swift */; };
		AA00000200000000000000B4 /* OrbView.swift in Sources */ = {isa = PBXBuildFile; fileRef = AA00000100000000000000B4 /* OrbView.swift */; };
		AA00000200000000000000B5 /* CapabilityHalo.swift in Sources */ = {isa = PBXBuildFile; fileRef = AA00000100000000000000B5 /* CapabilityHalo.swift */; };
		AA00000F000000000000004D /* AppKit.framework in Frameworks */ = {isa = PBXBuildFile; fileRef = AA00000F000000000000001A /* AppKit.framework */; };
		AA00000F000000000000006F /* Carbon.framework in Frameworks */ = {isa = PBXBuildFile; fileRef = AA00000F000000000000003C /* Carbon.framework */; };
		AA00000200000000000000C0 /* OttoBridge.swift in Sources */ = {isa = PBXBuildFile; fileRef = AA00000100000000000000C0 /* OttoBridge.swift */; };
		AA00000200000000000000C1 /* AudioEngine.swift in Sources */ = {isa = PBXBuildFile; fileRef = AA00000100000000000000C1 /* AudioEngine.swift */; };
		AA00000200000000000000C2 /* OttoEngine.swift in Sources */ = {isa = PBXBuildFile; fileRef = AA00000100000000000000C2 /* OttoEngine.swift */; };
		AA00000200000000000000C3 /* ActionEngine.swift in Sources */ = {isa = PBXBuildFile; fileRef = AA00000100000000000000C3 /* ActionEngine.swift */; };
		AA00000F00000000000000C1 /* AVFoundation.framework in Frameworks */ = {isa = PBXBuildFile; fileRef = AA00000F00000000000000C0 /* AVFoundation.framework */; };
/* End PBXBuildFile section */

/* Begin PBXFileReference section */
		AA000001000000000000001A /* OttoApp.swift */ = {isa = PBXFileReference; lastKnownFileType = sourcecode.swift; path = OttoApp.swift; sourceTree = "<group>"; };
		AA000001000000000000002B /* CommandPalette.swift */ = {isa = PBXFileReference; lastKnownFileType = sourcecode.swift; path = CommandPalette.swift; sourceTree = "<group>"; };
		AA000001000000000000003C /* WaveformView.swift */ = {isa = PBXFileReference; lastKnownFileType = sourcecode.swift; path = WaveformView.swift; sourceTree = "<group>"; };
		AA000001000000000000005E /* HotkeyManager.swift */ = {isa = PBXFileReference; lastKnownFileType = sourcecode.swift; path = HotkeyManager.swift; sourceTree = "<group>"; };
		AA000001000000000000009C /* JournalWindow.swift */ = {isa = PBXFileReference; lastKnownFileType = sourcecode.swift; path = JournalWindow.swift; sourceTree = "<group>"; };
		AA00000100000000000000A1 /* SettingsStore.swift */ = {isa = PBXFileReference; lastKnownFileType = sourcecode.swift; path = SettingsStore.swift; sourceTree = "<group>"; };
		AA00000100000000000000A3 /* OnboardingView.swift */ = {isa = PBXFileReference; lastKnownFileType = sourcecode.swift; path = OnboardingView.swift; sourceTree = "<group>"; };
		AA00000100000000000000A4 /* MenuBarController.swift */ = {isa = PBXFileReference; lastKnownFileType = sourcecode.swift; path = MenuBarController.swift; sourceTree = "<group>"; };
		AA00000100000000000000A5 /* SettingsWindow.swift */ = {isa = PBXFileReference; lastKnownFileType = sourcecode.swift; path = SettingsWindow.swift; sourceTree = "<group>"; };
		AA00000100000000000000B1 /* HotkeyConfig.swift */ = {isa = PBXFileReference; lastKnownFileType = sourcecode.swift; path = HotkeyConfig.swift; sourceTree = "<group>"; };
		AA00000100000000000000B2 /* HotkeyRecorderView.swift */ = {isa = PBXFileReference; lastKnownFileType = sourcecode.swift; path = HotkeyRecorderView.swift; sourceTree = "<group>"; };
		AA00000100000000000000B3 /* UpdateChecker.swift */ = {isa = PBXFileReference; lastKnownFileType = sourcecode.swift; path = UpdateChecker.swift; sourceTree = "<group>"; };
		AA00000100000000000000B6 /* CapabilityKind.swift */ = {isa = PBXFileReference; lastKnownFileType = sourcecode.swift; path = CapabilityKind.swift; sourceTree = "<group>"; };
		AA00000100000000000000B4 /* OrbView.swift */ = {isa = PBXFileReference; lastKnownFileType = sourcecode.swift; path = OrbView.swift; sourceTree = "<group>"; };
		AA00000100000000000000B5 /* CapabilityHalo.swift */ = {isa = PBXFileReference; lastKnownFileType = sourcecode.swift; path = CapabilityHalo.swift; sourceTree = "<group>"; };
		AA000001000000000000006F /* Info.plist */ = {isa = PBXFileReference; lastKnownFileType = text.plist.xml; path = Info.plist; sourceTree = "<group>"; };
		AA000001000000000000007A /* Otto.entitlements */ = {isa = PBXFileReference; lastKnownFileType = text.plist.entitlements; path = Otto.entitlements; sourceTree = "<group>"; };
		AA000001000000000000008B /* Otto.app */ = {isa = PBXFileReference; explicitFileType = wrapper.application; includeInIndex = 0; path = Otto.app; sourceTree = BUILT_PRODUCTS_DIR; };
		AA00000F000000000000001A /* AppKit.framework */ = {isa = PBXFileReference; lastKnownFileType = wrapper.framework; name = AppKit.framework; path = System/Library/Frameworks/AppKit.framework; sourceTree = SDKROOT; };
		AA00000F000000000000003C /* Carbon.framework */ = {isa = PBXFileReference; lastKnownFileType = wrapper.framework; name = Carbon.framework; path = System/Library/Frameworks/Carbon.framework; sourceTree = SDKROOT; };
		AA00000100000000000000C0 /* OttoBridge.swift */ = {isa = PBXFileReference; lastKnownFileType = sourcecode.swift; path = OttoBridge.swift; sourceTree = "<group>"; };
		AA00000100000000000000C1 /* AudioEngine.swift */ = {isa = PBXFileReference; lastKnownFileType = sourcecode.swift; path = AudioEngine.swift; sourceTree = "<group>"; };
		AA00000100000000000000C2 /* OttoEngine.swift */ = {isa = PBXFileReference; lastKnownFileType = sourcecode.swift; path = OttoEngine.swift; sourceTree = "<group>"; };
		AA00000100000000000000C3 /* ActionEngine.swift */ = {isa = PBXFileReference; lastKnownFileType = sourcecode.swift; path = ActionEngine.swift; sourceTree = "<group>"; };
		AA00000F00000000000000C0 /* AVFoundation.framework */ = {isa = PBXFileReference; lastKnownFileType = wrapper.framework; name = AVFoundation.framework; path = System/Library/Frameworks/AVFoundation.framework; sourceTree = SDKROOT; };
/* End PBXFileReference section */

/* Begin PBXFrameworksBuildPhase section */
		AA000003000000000000003C /* Frameworks */ = {
			isa = PBXFrameworksBuildPhase;
			buildActionMask = 2147483647;
			files = (
				AA00000F000000000000004D /* AppKit.framework in Frameworks */,
				AA00000F000000000000006F /* Carbon.framework in Frameworks */,
				AA00000F00000000000000C1 /* AVFoundation.framework in Frameworks */,
			);
			runOnlyForDeploymentPostprocessing = 0;
		};
/* End PBXFrameworksBuildPhase section */

/* Begin PBXGroup section */
		AA000004000000000000001A /* Main */ = {
			isa = PBXGroup;
			children = (
				AA000004000000000000002B /* Otto */,
				AA000004000000000000003C /* Products */,
				AA000004000000000000004D /* Frameworks */,
			);
			sourceTree = "<group>";
		};
		AA000004000000000000002B /* Otto */ = {
			isa = PBXGroup;
			children = (
				AA000001000000000000001A /* OttoApp.swift */,
				AA000001000000000000002B /* CommandPalette.swift */,
				AA000001000000000000003C /* WaveformView.swift */,
				AA000001000000000000005E /* HotkeyManager.swift */,
				AA000001000000000000009C /* JournalWindow.swift */,
				AA00000100000000000000A1 /* SettingsStore.swift */,
				AA00000100000000000000A3 /* OnboardingView.swift */,
				AA00000100000000000000A4 /* MenuBarController.swift */,
				AA00000100000000000000A5 /* SettingsWindow.swift */,
				AA00000100000000000000B1 /* HotkeyConfig.swift */,
				AA00000100000000000000B2 /* HotkeyRecorderView.swift */,
				AA00000100000000000000B3 /* UpdateChecker.swift */,
				AA00000100000000000000B6 /* CapabilityKind.swift */,
				AA00000100000000000000B4 /* OrbView.swift */,
				AA00000100000000000000B5 /* CapabilityHalo.swift */,
				AA00000100000000000000C0 /* OttoBridge.swift */,
				AA00000100000000000000C1 /* AudioEngine.swift */,
				AA00000100000000000000C2 /* OttoEngine.swift */,
				AA00000100000000000000C3 /* ActionEngine.swift */,
				AA000001000000000000006F /* Info.plist */,
				AA000001000000000000007A /* Otto.entitlements */,
			);
			path = Otto;
			sourceTree = "<group>";
		};
		AA000004000000000000003C /* Products */ = {
			isa = PBXGroup;
			children = (
				AA000001000000000000008B /* Otto.app */,
			);
			name = Products;
			sourceTree = "<group>";
		};
		AA000004000000000000004D /* Frameworks */ = {
			isa = PBXGroup;
			children = (
				AA00000F000000000000001A /* AppKit.framework */,
				AA00000F000000000000003C /* Carbon.framework */,
				AA00000F00000000000000C0 /* AVFoundation.framework */,
			);
			name = Frameworks;
			sourceTree = "<group>";
		};
/* End PBXGroup section */

/* Begin PBXNativeTarget section */
		AA000007000000000000001A /* Otto */ = {
			isa = PBXNativeTarget;
			buildConfigurationList = AA000006000000000000002B /* Build configuration list for PBXNativeTarget "Otto" */;
			buildPhases = (
				AA000003000000000000001A /* Sources */,
				AA000003000000000000002B /* Resources */,
				AA000003000000000000003C /* Frameworks */,
			);
			buildRules = (
			);
			dependencies = (
			);
			name = Otto;
			productName = Otto;
			productReference = AA000001000000000000008B /* Otto.app */;
			productType = "com.apple.product-type.application";
		};
/* End PBXNativeTarget section */

/* Begin PBXProject section */
		AA000008000000000000001A /* Project object */ = {
			isa = PBXProject;
			attributes = {
				BuildIndependentTargetsInParallel = 1;
				LastSwiftUpdateCheck = 1600;
				LastUpgradeCheck = 1600;
			};
			buildConfigurationList = AA000006000000000000001A /* Build configuration list for PBXProject "Otto" */;
			compatibilityVersion = "Xcode 15.0";
			developmentRegion = en;
			hasScannedForEncodings = 0;
			knownRegions = (
				en,
				Base,
			);
			mainGroup = AA000004000000000000001A /* Main */;
			productRefGroup = AA000004000000000000003C /* Products */;
			projectDirPath = "";
			projectRoot = "";
			targets = (
				AA000007000000000000001A /* Otto */,
			);
		};
/* End PBXProject section */

/* Begin PBXResourcesBuildPhase section */
		AA000003000000000000002B /* Resources */ = {
			isa = PBXResourcesBuildPhase;
			buildActionMask = 2147483647;
			files = (
			);
			runOnlyForDeploymentPostprocessing = 0;
		};
/* End PBXResourcesBuildPhase section */

/* Begin PBXSourcesBuildPhase section */
		AA000003000000000000001A /* Sources */ = {
			isa = PBXSourcesBuildPhase;
			buildActionMask = 2147483647;
			files = (
				AA000002000000000000001A /* OttoApp.swift in Sources */,
				AA000002000000000000002B /* CommandPalette.swift in Sources */,
				AA000002000000000000003C /* WaveformView.swift in Sources */,
				AA000002000000000000005E /* HotkeyManager.swift in Sources */,
				AA000002000000000000009C /* JournalWindow.swift in Sources */,
				AA00000200000000000000A1 /* SettingsStore.swift in Sources */,
				AA00000200000000000000A3 /* OnboardingView.swift in Sources */,
				AA00000200000000000000A4 /* MenuBarController.swift in Sources */,
				AA00000200000000000000A5 /* SettingsWindow.swift in Sources */,
				AA00000200000000000000B1 /* HotkeyConfig.swift in Sources */,
				AA00000200000000000000B2 /* HotkeyRecorderView.swift in Sources */,
				AA00000200000000000000B3 /* UpdateChecker.swift in Sources */,
				AA00000200000000000000B6 /* CapabilityKind.swift in Sources */,
				AA00000200000000000000B4 /* OrbView.swift in Sources */,
				AA00000200000000000000B5 /* CapabilityHalo.swift in Sources */,
				AA00000200000000000000C0 /* OttoBridge.swift in Sources */,
				AA00000200000000000000C1 /* AudioEngine.swift in Sources */,
				AA00000200000000000000C2 /* OttoEngine.swift in Sources */,
				AA00000200000000000000C3 /* ActionEngine.swift in Sources */,
			);
			runOnlyForDeploymentPostprocessing = 0;
		};
/* End PBXSourcesBuildPhase section */

/* Begin XCBuildConfiguration section */
		AA000005000000000000001A /* Debug */ = {
			isa = XCBuildConfiguration;
			buildSettings = {
				ALWAYS_SEARCH_USER_PATHS = NO;
				CLANG_ANALYZER_NONNULL = YES;
				CLANG_ANALYZER_NUMBER_OBJECT_CONVERSION = YES_AGGRESSIVE;
				CLANG_CXX_LANGUAGE_STANDARD = "gnu++20";
				CLANG_ENABLE_MODULES = YES;
				CLANG_ENABLE_OBJC_ARC = YES;
				CLANG_ENABLE_OBJC_WEAK = YES;
				CLANG_WARN_BLOCK_CAPTURE_AUTORELEASING = YES;
				CLANG_WARN_BOOL_CONVERSION = YES;
				CLANG_WARN_COMMA = YES;
				CLANG_WARN_CONSTANT_CONVERSION = YES;
				CLANG_WARN_DEPRECATED_OBJC_IMPLEMENTATIONS = YES;
				CLANG_WARN_DIRECT_OBJC_ISA_USAGE = YES_ERROR;
				CLANG_WARN_DOCUMENTATION_COMMENTS = YES;
				CLANG_WARN_EMPTY_BODY = YES;
				CLANG_WARN_ENUM_CONVERSION = YES;
				CLANG_WARN_INFINITE_RECURSION = YES;
				CLANG_WARN_INT_CONVERSION = YES;
				CLANG_WARN_NON_LITERAL_NULL_CONVERSION = YES;
				CLANG_WARN_OBJC_IMPLICIT_RETAIN_CYCLE = YES;
				CLANG_WARN_OBJC_LITERAL_CONVERSION = YES;
				CLANG_WARN_OBJC_ROOT_CLASS = YES_ERROR;
				CLANG_WARN_QUOTED_INCLUDE_IN_FRAMEWORK_HEADER = YES;
				CLANG_WARN_RANGE_LOOP_ANALYSIS = YES;
				CLANG_WARN_STRICT_PROTOTYPES = YES;
				CLANG_WARN_SUSPICIOUS_MOVE = YES;
				CLANG_WARN_UNGUARDED_AVAILABILITY = YES_AGGRESSIVE;
				CLANG_WARN_UNREACHABLE_CODE = YES;
				CLANG_WARN__DUPLICATE_METHOD_MATCH = YES;
				COPY_PHASE_STRIP = NO;
				DEBUG_INFORMATION_FORMAT = dwarf;
				ENABLE_STRICT_OBJC_MSGSEND = YES;
				ENABLE_TESTABILITY = YES;
				GCC_C_LANGUAGE_STANDARD = gnu17;
				GCC_DYNAMIC_NO_PIC = NO;
				GCC_NO_COMMON_BLOCKS = YES;
				GCC_OPTIMIZATION_LEVEL = 0;
				GCC_PREPROCESSOR_DEFINITIONS = (
					"DEBUG=1",
					"$(inherited)",
				);
				GCC_WARN_64_TO_32_BIT_CONVERSION = YES;
				GCC_WARN_ABOUT_RETURN_TYPE = YES_ERROR;
				GCC_WARN_UNDECLARED_SELECTOR = YES;
				GCC_WARN_UNINITIALIZED_AUTOS = YES_AGGRESSIVE;
				GCC_WARN_UNUSED_FUNCTION = YES;
				GCC_WARN_UNUSED_VARIABLE = YES;
				MACOSX_DEPLOYMENT_TARGET = 14.0;
				MTL_ENABLE_DEBUG_INFO = INCLUDE_SOURCE;
				MTL_FAST_MATH = YES;
				ONLY_ACTIVE_ARCH = YES;
				SDKROOT = macosx;
				SWIFT_ACTIVE_COMPILATION_CONDITIONS = DEBUG;
				SWIFT_OPTIMIZATION_LEVEL = "-Onone";
			};
			name = Debug;
		};
		AA000005000000000000002B /* Release */ = {
			isa = XCBuildConfiguration;
			buildSettings = {
				ALWAYS_SEARCH_USER_PATHS = NO;
				CLANG_ANALYZER_NONNULL = YES;
				CLANG_ANALYZER_NUMBER_OBJECT_CONVERSION = YES_AGGRESSIVE;
				CLANG_CXX_LANGUAGE_STANDARD = "gnu++20";
				CLANG_ENABLE_MODULES = YES;
				CLANG_ENABLE_OBJC_ARC = YES;
				CLANG_ENABLE_OBJC_WEAK = YES;
				CLANG_WARN_BLOCK_CAPTURE_AUTORELEASING = YES;
				CLANG_WARN_BOOL_CONVERSION = YES;
				CLANG_WARN_COMMA = YES;
				CLANG_WARN_CONSTANT_CONVERSION = YES;
				CLANG_WARN_DEPRECATED_OBJC_IMPLEMENTATIONS = YES;
				CLANG_WARN_DIRECT_OBJC_ISA_USAGE = YES_ERROR;
				CLANG_WARN_DOCUMENTATION_COMMENTS = YES;
				CLANG_WARN_EMPTY_BODY = YES;
				CLANG_WARN_ENUM_CONVERSION = YES;
				CLANG_WARN_INFINITE_RECURSION = YES;
				CLANG_WARN_INT_CONVERSION = YES;
				CLANG_WARN_NON_LITERAL_NULL_CONVERSION = YES;
				CLANG_WARN_OBJC_IMPLICIT_RETAIN_CYCLE = YES;
				CLANG_WARN_OBJC_LITERAL_CONVERSION = YES;
				CLANG_WARN_OBJC_ROOT_CLASS = YES_ERROR;
				CLANG_WARN_QUOTED_INCLUDE_IN_FRAMEWORK_HEADER = YES;
				CLANG_WARN_RANGE_LOOP_ANALYSIS = YES;
				CLANG_WARN_STRICT_PROTOTYPES = YES;
				CLANG_WARN_SUSPICIOUS_MOVE = YES;
				CLANG_WARN_UNGUARDED_AVAILABILITY = YES_AGGRESSIVE;
				CLANG_WARN_UNREACHABLE_CODE = YES;
				CLANG_WARN__DUPLICATE_METHOD_MATCH = YES;
				COPY_PHASE_STRIP = NO;
				DEBUG_INFORMATION_FORMAT = "dwarf-with-dsym";
				ENABLE_NS_ASSERTIONS = NO;
				ENABLE_STRICT_OBJC_MSGSEND = YES;
				GCC_C_LANGUAGE_STANDARD = gnu17;
				GCC_NO_COMMON_BLOCKS = YES;
				GCC_WARN_64_TO_32_BIT_CONVERSION = YES;
				GCC_WARN_ABOUT_RETURN_TYPE = YES_ERROR;
				GCC_WARN_UNDECLARED_SELECTOR = YES;
				GCC_WARN_UNINITIALIZED_AUTOS = YES_AGGRESSIVE;
				GCC_WARN_UNUSED_FUNCTION = YES;
				GCC_WARN_UNUSED_VARIABLE = YES;
				MACOSX_DEPLOYMENT_TARGET = 14.0;
				MTL_ENABLE_DEBUG_INFO = NO;
				MTL_FAST_MATH = YES;
				SDKROOT = macosx;
				SWIFT_COMPILATION_MODE = wholemodule;
				SWIFT_OPTIMIZATION_LEVEL = "-O";
			};
			name = Release;
		};
		AA000005000000000000003C /* Debug */ = {
			isa = XCBuildConfiguration;
			buildSettings = {
				CODE_SIGN_ENTITLEMENTS = "Otto/Otto.entitlements";
				CODE_SIGN_IDENTITY = "-";
				CODE_SIGN_STYLE = Automatic;
				COMBINE_HIDPI_IMAGES = YES;
				DEVELOPMENT_TEAM = "";
				ENABLE_HARDENED_RUNTIME = YES;
				INFOPLIST_FILE = "Otto/Info.plist";
				LD_RUNPATH_SEARCH_PATHS = (
					"$(inherited)",
					"@executable_path/../Frameworks",
				);
				PRODUCT_BUNDLE_IDENTIFIER = "com.otto.app";
				PRODUCT_NAME = "$(TARGET_NAME)";
				SWIFT_EMIT_LOC_STRINGS = YES;
				SWIFT_VERSION = 5.0;
			};
			name = Debug;
		};
		AA000005000000000000004D /* Release */ = {
			isa = XCBuildConfiguration;
			buildSettings = {
				CODE_SIGN_ENTITLEMENTS = "Otto/Otto.entitlements";
				CODE_SIGN_IDENTITY = "-";
				CODE_SIGN_STYLE = Automatic;
				COMBINE_HIDPI_IMAGES = YES;
				DEVELOPMENT_TEAM = "";
				ENABLE_HARDENED_RUNTIME = YES;
				INFOPLIST_FILE = "Otto/Info.plist";
				LD_RUNPATH_SEARCH_PATHS = (
					"$(inherited)",
					"@executable_path/../Frameworks",
				);
				PRODUCT_BUNDLE_IDENTIFIER = "com.otto.app";
				PRODUCT_NAME = "$(TARGET_NAME)";
				SWIFT_EMIT_LOC_STRINGS = YES;
				SWIFT_VERSION = 5.0;
			};
			name = Release;
		};
/* End XCBuildConfiguration section */

/* Begin XCConfigurationList section */
		AA000006000000000000001A /* Build configuration list for PBXProject "Otto" */ = {
			isa = XCConfigurationList;
			buildConfigurations = (
				AA000005000000000000001A /* Debug */,
				AA000005000000000000002B /* Release */,
			);
			defaultConfigurationIsVisible = 0;
			defaultConfigurationName = Release;
		};
		AA000006000000000000002B /* Build configuration list for PBXNativeTarget "Otto" */ = {
			isa = XCConfigurationList;
			buildConfigurations = (
				AA000005000000000000003C /* Debug */,
				AA000005000000000000004D /* Release */,
			);
			defaultConfigurationIsVisible = 0;
			defaultConfigurationName = Release;
		};
/* End XCConfigurationList section */

	};
	rootObject = AA000008000000000000001A /* Project object */;
}
